Microsoft Visual Studio Solution File, Format Version 8.00
# Copyright © 2006 Entelos, Inc. 

# Permission to use, copy, modify and redistribute this software without fees 
# is hereby granted by Entelos, Inc. (“Entelos”) to you (“User”), provided 
# that the following conditions are met:

# This permission notice (including the above copyright notice and the 
# disclaimer below) must appear in its entirety in all copies and modifications 
# of the software, in the accompanying “Read Me” file, and in any accompanying 
# documentation.

# Neither the name of Entelos, nor any of its trade names, trademarks or other 
# designations may be used by the User for any purpose, including without 
# limitation the endorsement or promotion of any products derived from or 
# developed using this software, without the express prior written permission 
# of Entelos.

# THIS SOFTWARE IS PROVIDED BY ENTLEOS "AS IS" WITHOUT ANY EXPRESS OR IMPLIED 
# WARRANTY.  ENTELOS DISCLAIMS ALL WARRANTIES WITH REGARD TO THIS SOFTWARE, 
# INCLUDING WITHOUT LIMITATION THE IMPLIED WARRANTIES OF MERCHANTABILITY AND 
# FITNESS FOR A PARTICULAR PURPOSE.

# IN NO EVENT SHALL ENTELOS BE LIABLE FOR ANY DIRECT, INDIRECT, INCIDENTAL, 
# SPECIAL, EXEMPLARY, OR CONSEQUENTIAL DAMAGES (INCLUDING, BUT NOT LIMITED TO, 
# PROCUREMENT OF SUBSTITUTE GOODS OR SERVICES; LOSS OF USE, DATA, OR PROFITS; 
# OR BUSINESS INTERRUPTION) HOWEVER CAUSED AND ON ANY THEORY OF LIABILITY, 
# WHETHER IN CONTRACT, TORT (INCLUDING NEGLIGENCE OR OTHERWISE) ARISING OUT OF 
# OR IN CONECTION WITH THE USE OR PERFORMANCE OF THIS SOFTWARE, EVEN IF ADVISED 
# OF THE POSSIBILITY OF SUCH DAMAGES.


Project("{8BC9CEB8-8B4A-11D0-8D11-00A0C91BC942}") = "sundials_shared", "shared.vcproj", "{F5E8A5FA-9190-41D4-BA85-C49545A62FBD}"
	ProjectSection(ProjectDependencies) = postProject
	EndProjectSection
EndProject
Project("{8BC9CEB8-8B4A-11D0-8D11-00A0C91BC942}") = "sundials_nvecserial", "nvec_ser.vcproj", "{206487E2-1F03-4006-B5FF-53D48303A3B4}"
	ProjectSection(ProjectDependencies) = postProject
	EndProjectSection
EndProject
Project("{8BC9CEB8-8B4A-11D0-8D11-00A0C91BC942}") = "sundials_cvode", "cvode.vcproj", "{55D75FFD-8A77-49CA-B7F0-C913FB1881DB}"
	ProjectSection(ProjectDependencies) = postProject
	EndProjectSection
EndProject
Global
	GlobalSection(SolutionConfiguration) = preSolution
		Debug = Debug
		Release = Release
	EndGlobalSection
	GlobalSection(ProjectConfiguration) = postSolution
		{F5E8A5FA-9190-41D4-BA85-C49545A62FBD}.Debug.ActiveCfg = Debug|Win32
		{F5E8A5FA-9190-41D4-BA85-C49545A62FBD}.Debug.Build.0 = Debug|Win32
		{F5E8A5FA-9190-41D4-BA85-C49545A62FBD}.Release.ActiveCfg = Release|Win32
		{F5E8A5FA-9190-41D4-BA85-C49545A62FBD}.Release.Build.0 = Release|Win32
		{206487E2-1F03-4006-B5FF-53D48303A3B4}.Debug.ActiveCfg = Debug|Win32
		{206487E2-1F03-4006-B5FF-53D48303A3B4}.Debug.Build.0 = Debug|Win32
		{206487E2-1F03-4006-B5FF-53D48303A3B4}.Release.ActiveCfg = Release|Win32
		{206487E2-1F03-4006-B5FF-53D48303A3B4}.Release.Build.0 = Release|Win32
		{55D75FFD-8A77-49CA-B7F0-C913FB1881DB}.Debug.ActiveCfg = Debug|Win32
		{55D75FFD-8A77-49CA-B7F0-C913FB1881DB}.Debug.Build.0 = Debug|Win32
		{55D75FFD-8A77-49CA-B7F0-C913FB1881DB}.Release.ActiveCfg = Release|Win32
		{55D75FFD-8A77-49CA-B7F0-C913FB1881DB}.Release.Build.0 = Release|Win32
	EndGlobalSection
	GlobalSection(ExtensibilityGlobals) = postSolution
	EndGlobalSection
	GlobalSection(ExtensibilityAddIns) = postSolution
	EndGlobalSection
EndGlobal
